// !$*UTF8*$!
{
	archiveVersion = 1;
	classes = {
	};
	objectVersion = 50;
	objects = {

/* Begin PBXBuildFile section */
		AE35D8B62402D9E700E1BA4B /* AppDelegate.swift in Sources */ = {isa = PBXBuildFile; fileRef = AE35D8B52402D9E700E1BA4B /* AppDelegate.swift */; };
		AE35D8B82402D9E700E1BA4B /* SceneDelegate.swift in Sources */ = {isa = PBXBuildFile; fileRef = AE35D8B72402D9E700E1BA4B /* SceneDelegate.swift */; };
		AE35D8BF2402D9E800E1BA4B /* Assets.xcassets in Resources */ = {isa = PBXBuildFile; fileRef = AE35D8BE2402D9E800E1BA4B /* Assets.xcassets */; };
		AE35D8C22402D9E800E1BA4B /* LaunchScreen.storyboard in Resources */ = {isa = PBXBuildFile; fileRef = AE35D8C02402D9E800E1BA4B /* LaunchScreen.storyboard */; };
		AE35D8CE2402F96000E1BA4B /* Card.swift in Sources */ = {isa = PBXBuildFile; fileRef = AE35D8CD2402F96000E1BA4B /* Card.swift */; };
		AE35D8D02402FB7D00E1BA4B /* CardDeck.swift in Sources */ = {isa = PBXBuildFile; fileRef = AE35D8CF2402FB7D00E1BA4B /* CardDeck.swift */; };
		AE35D8D224031FF000E1BA4B /* CardView.swift in Sources */ = {isa = PBXBuildFile; fileRef = AE35D8D124031FF000E1BA4B /* CardView.swift */; };
		AE35D8D42403203C00E1BA4B /* BlackjackViewController.swift in Sources */ = {isa = PBXBuildFile; fileRef = AE35D8D32403203C00E1BA4B /* BlackjackViewController.swift */; };
		AE35D8D62403283300E1BA4B /* GameView.swift in Sources */ = {isa = PBXBuildFile; fileRef = AE35D8D52403283300E1BA4B /* GameView.swift */; };
		AE375FF9240F1C7600066DF5 /* CGRectExtensions.swift in Sources */ = {isa = PBXBuildFile; fileRef = AE375FF8240F1C7600066DF5 /* CGRectExtensions.swift */; };
		AE375FFB240F1F4700066DF5 /* UIColorExtensions.swift in Sources */ = {isa = PBXBuildFile; fileRef = AE375FFA240F1F4700066DF5 /* UIColorExtensions.swift */; };
		AE4D01E52411905B0088A7ED /* ArrayExtensions.swift in Sources */ = {isa = PBXBuildFile; fileRef = AE4D01E42411905B0088A7ED /* ArrayExtensions.swift */; };
		AE4D01E7241193B30088A7ED /* BlackjackBrain.swift in Sources */ = {isa = PBXBuildFile; fileRef = AE4D01E6241193B30088A7ED /* BlackjackBrain.swift */; };
/* End PBXBuildFile section */

/* Begin PBXFileReference section */
		AE35D8B22402D9E700E1BA4B /* Blackjack21.app */ = {isa = PBXFileReference; explicitFileType = wrapper.application; includeInIndex = 0; path = Blackjack21.app; sourceTree = BUILT_PRODUCTS_DIR; };
		AE35D8B52402D9E700E1BA4B /* AppDelegate.swift */ = {isa = PBXFileReference; lastKnownFileType = sourcecode.swift; path = AppDelegate.swift; sourceTree = "<group>"; };
		AE35D8B72402D9E700E1BA4B /* SceneDelegate.swift */ = {isa = PBXFileReference; lastKnownFileType = sourcecode.swift; path = SceneDelegate.swift; sourceTree = "<group>"; };
		AE35D8BE2402D9E800E1BA4B /* Assets.xcassets */ = {isa = PBXFileReference; lastKnownFileType = folder.assetcatalog; path = Assets.xcassets; sourceTree = "<group>"; };
		AE35D8C12402D9E800E1BA4B /* Base */ = {isa = PBXFileReference; lastKnownFileType = file.storyboard; name = Base; path = Base.lproj/LaunchScreen.storyboard; sourceTree = "<group>"; };
		AE35D8C32402D9E800E1BA4B /* Info.plist */ = {isa = PBXFileReference; lastKnownFileType = text.plist.xml; path = Info.plist; sourceTree = "<group>"; };
		AE35D8CD2402F96000E1BA4B /* Card.swift */ = {isa = PBXFileReference; lastKnownFileType = sourcecode.swift; path = Card.swift; sourceTree = "<group>"; };
		AE35D8CF2402FB7D00E1BA4B /* CardDeck.swift */ = {isa = PBXFileReference; lastKnownFileType = sourcecode.swift; path = CardDeck.swift; sourceTree = "<group>"; };
		AE35D8D124031FF000E1BA4B /* CardView.swift */ = {isa = PBXFileReference; lastKnownFileType = sourcecode.swift; path = CardView.swift; sourceTree = "<group>"; };
		AE35D8D32403203C00E1BA4B /* BlackjackViewController.swift */ = {isa = PBXFileReference; lastKnownFileType = sourcecode.swift; path = BlackjackViewController.swift; sourceTree = "<group>"; };
		AE35D8D52403283300E1BA4B /* GameView.swift */ = {isa = PBXFileReference; lastKnownFileType = sourcecode.swift; path = GameView.swift; sourceTree = "<group>"; };
		AE375FF8240F1C7600066DF5 /* CGRectExtensions.swift */ = {isa = PBXFileReference; lastKnownFileType = sourcecode.swift; path = CGRectExtensions.swift; sourceTree = "<group>"; };
		AE375FFA240F1F4700066DF5 /* UIColorExtensions.swift */ = {isa = PBXFileReference; lastKnownFileType = sourcecode.swift; path = UIColorExtensions.swift; sourceTree = "<group>"; };
		AE4D01E42411905B0088A7ED /* ArrayExtensions.swift */ = {isa = PBXFileReference; lastKnownFileType = sourcecode.swift; path = ArrayExtensions.swift; sourceTree = "<group>"; };
		AE4D01E6241193B30088A7ED /* BlackjackBrain.swift */ = {isa = PBXFileReference; lastKnownFileType = sourcecode.swift; path = BlackjackBrain.swift; sourceTree = "<group>"; };
/* End PBXFileReference section */

/* Begin PBXFrameworksBuildPhase section */
		AE35D8AF2402D9E700E1BA4B /* Frameworks */ = {
			isa = PBXFrameworksBuildPhase;
			buildActionMask = 2147483647;
			files = (
			);
			runOnlyForDeploymentPostprocessing = 0;
		};
/* End PBXFrameworksBuildPhase section */

/* Begin PBXGroup section */
		AE35D8A92402D9E700E1BA4B = {
			isa = PBXGroup;
			children = (
				AE35D8B42402D9E700E1BA4B /* Blackjack21 */,
				AE35D8B32402D9E700E1BA4B /* Products */,
			);
			sourceTree = "<group>";
		};
		AE35D8B32402D9E700E1BA4B /* Products */ = {
			isa = PBXGroup;
			children = (
				AE35D8B22402D9E700E1BA4B /* Blackjack21.app */,
			);
			name = Products;
			sourceTree = "<group>";
		};
		AE35D8B42402D9E700E1BA4B /* Blackjack21 */ = {
			isa = PBXGroup;
			children = (
				AE35D8C92402F1DC00E1BA4B /* SupportingFiles */,
				AE375FF7240F1C5A00066DF5 /* Extensions */,
				AE35D8CA2402F20500E1BA4B /* Model */,
				AE35D8CB2402F20C00E1BA4B /* Views */,
				AE35D8CC2402F21A00E1BA4B /* Controllers */,
			);
			path = Blackjack21;
			sourceTree = "<group>";
		};
		AE35D8C92402F1DC00E1BA4B /* SupportingFiles */ = {
			isa = PBXGroup;
			children = (
				AE35D8B52402D9E700E1BA4B /* AppDelegate.swift */,
				AE35D8B72402D9E700E1BA4B /* SceneDelegate.swift */,
				AE35D8C02402D9E800E1BA4B /* LaunchScreen.storyboard */,
				AE35D8BE2402D9E800E1BA4B /* Assets.xcassets */,
				AE35D8C32402D9E800E1BA4B /* Info.plist */,
			);
			path = SupportingFiles;
			sourceTree = "<group>";
		};
		AE35D8CA2402F20500E1BA4B /* Model */ = {
			isa = PBXGroup;
			children = (
				AE35D8CD2402F96000E1BA4B /* Card.swift */,
				AE35D8CF2402FB7D00E1BA4B /* CardDeck.swift */,
				AE4D01E6241193B30088A7ED /* BlackjackBrain.swift */,
			);
			path = Model;
			sourceTree = "<group>";
		};
		AE35D8CB2402F20C00E1BA4B /* Views */ = {
			isa = PBXGroup;
			children = (
				AE35D8D124031FF000E1BA4B /* CardView.swift */,
				AE35D8D52403283300E1BA4B /* GameView.swift */,
			);
			path = Views;
			sourceTree = "<group>";
		};
		AE35D8CC2402F21A00E1BA4B /* Controllers */ = {
			isa = PBXGroup;
			children = (
				AE35D8D32403203C00E1BA4B /* BlackjackViewController.swift */,
			);
			path = Controllers;
			sourceTree = "<group>";
		};
		AE375FF7240F1C5A00066DF5 /* Extensions */ = {
			isa = PBXGroup;
			children = (
				AE375FF8240F1C7600066DF5 /* CGRectExtensions.swift */,
				AE375FFA240F1F4700066DF5 /* UIColorExtensions.swift */,
				AE4D01E42411905B0088A7ED /* ArrayExtensions.swift */,
			);
			path = Extensions;
			sourceTree = "<group>";
		};
/* End PBXGroup section */

/* Begin PBXNativeTarget section */
		AE35D8B12402D9E700E1BA4B /* Blackjack21 */ = {
			isa = PBXNativeTarget;
			buildConfigurationList = AE35D8C62402D9E800E1BA4B /* Build configuration list for PBXNativeTarget "Blackjack21" */;
			buildPhases = (
				AE35D8AE2402D9E700E1BA4B /* Sources */,
				AE35D8AF2402D9E700E1BA4B /* Frameworks */,
				AE35D8B02402D9E700E1BA4B /* Resources */,
			);
			buildRules = (
			);
			dependencies = (
			);
			name = Blackjack21;
			productName = Blackjack21;
			productReference = AE35D8B22402D9E700E1BA4B /* Blackjack21.app */;
			productType = "com.apple.product-type.application";
		};
/* End PBXNativeTarget section */

/* Begin PBXProject section */
		AE35D8AA2402D9E700E1BA4B /* Project object */ = {
			isa = PBXProject;
			attributes = {
				LastSwiftUpdateCheck = 1130;
				LastUpgradeCheck = 1130;
				ORGANIZATIONNAME = "Nicolas Combe";
				TargetAttributes = {
					AE35D8B12402D9E700E1BA4B = {
						CreatedOnToolsVersion = 11.3.1;
					};
				};
			};
			buildConfigurationList = AE35D8AD2402D9E700E1BA4B /* Build configuration list for PBXProject "Blackjack21" */;
			compatibilityVersion = "Xcode 9.3";
			developmentRegion = en;
			hasScannedForEncodings = 0;
			knownRegions = (
				en,
				Base,
			);
			mainGroup = AE35D8A92402D9E700E1BA4B;
			productRefGroup = AE35D8B32402D9E700E1BA4B /* Products */;
			projectDirPath = "";
			projectRoot = "";
			targets = (
				AE35D8B12402D9E700E1BA4B /* Blackjack21 */,
			);
		};
/* End PBXProject section */

/* Begin PBXResourcesBuildPhase section */
		AE35D8B02402D9E700E1BA4B /* Resources */ = {
			isa = PBXResourcesBuildPhase;
			buildActionMask = 2147483647;
			files = (
				AE35D8C22402D9E800E1BA4B /* LaunchScreen.storyboard in Resources */,
				AE35D8BF2402D9E800E1BA4B /* Assets.xcassets in Resources */,
			);
			runOnlyForDeploymentPostprocessing = 0;
		};
/* End PBXResourcesBuildPhase section */

/* Begin PBXSourcesBuildPhase section */
		AE35D8AE2402D9E700E1BA4B /* Sources */ = {
			isa = PBXSourcesBuildPhase;
			buildActionMask = 2147483647;
			files = (
				AE375FFB240F1F4700066DF5 /* UIColorExtensions.swift in Sources */,
				AE4D01E52411905B0088A7ED /* ArrayExtensions.swift in Sources */,
				AE4D01E7241193B30088A7ED /* BlackjackBrain.swift in Sources */,
				AE35D8D42403203C00E1BA4B /* BlackjackViewController.swift in Sources */,
				AE375FF9240F1C7600066DF5 /* CGRectExtensions.swift in Sources */,
				AE35D8D02402FB7D00E1BA4B /* CardDeck.swift in Sources */,
				AE35D8B62402D9E700E1BA4B /* AppDelegate.swift in Sources */,
				AE35D8B82402D9E700E1BA4B /* SceneDelegate.swift in Sources */,
				AE35D8D224031FF000E1BA4B /* CardView.swift in Sources */,
				AE35D8D62403283300E1BA4B /* GameView.swift in Sources */,
				AE35D8CE2402F96000E1BA4B /* Card.swift in Sources */,
			);
			runOnlyForDeploymentPostprocessing = 0;
		};
/* End PBXSourcesBuildPhase section */

/* Begin PBXVariantGroup section */
		AE35D8C02402D9E800E1BA4B /* LaunchScreen.storyboard */ = {
			isa = PBXVariantGroup;
			children = (
				AE35D8C12402D9E800E1BA4B /* Base */,
			);
			name = LaunchScreen.storyboard;
			sourceTree = "<group>";
		};
/* End PBXVariantGroup section */

/* Begin XCBuildConfiguration section */
		AE35D8C42402D9E800E1BA4B /* Debug */ = {
			isa = XCBuildConfiguration;
			buildSettings = {
				ALWAYS_SEARCH_USER_PATHS = NO;
				CLANG_ANALYZER_NONNULL = YES;
				CLANG_ANALYZER_NUMBER_OBJECT_CONVERSION = YES_AGGRESSIVE;
				CLANG_CXX_LANGUAGE_STANDARD = "gnu++14";
				CLANG_CXX_LIBRARY = "libc++";
				CLANG_ENABLE_MODULES = YES;
				CLANG_ENABLE_OBJC_ARC = YES;
				CLANG_ENABLE_OBJC_WEAK = YES;
				CLANG_WARN_BLOCK_CAPTURE_AUTORELEASING = YES;
				CLANG_WARN_BOOL_CONVERSION = YES;
				CLANG_WARN_COMMA = YES;
				CLANG_WARN_CONSTANT_CONVERSION = YES;
				CLANG_WARN_DEPRECATED_OBJC_IMPLEMENTATIONS = YES;
				CLANG_WARN_DIRECT_OBJC_ISA_USAGE = YES_ERROR;
				CLANG_WARN_DOCUMENTATION_COMMENTS = YES;
				CLANG_WARN_EMPTY_BODY = YES;
				CLANG_WARN_ENUM_CONVERSION = YES;
				CLANG_WARN_INFINITE_RECURSION = YES;
				CLANG_WARN_INT_CONVERSION = YES;
				CLANG_WARN_NON_LITERAL_NULL_CONVERSION = YES;
				CLANG_WARN_OBJC_IMPLICIT_RETAIN_SELF = YES;
				CLANG_WARN_OBJC_LITERAL_CONVERSION = YES;
				CLANG_WARN_OBJC_ROOT_CLASS = YES_ERROR;
				CLANG_WARN_RANGE_LOOP_ANALYSIS = YES;
				CLANG_WARN_STRICT_PROTOTYPES = YES;
				CLANG_WARN_SUSPICIOUS_MOVE = YES;
				CLANG_WARN_UNGUARDED_AVAILABILITY = YES_AGGRESSIVE;
				CLANG_WARN_UNREACHABLE_CODE = YES;
				CLANG_WARN__DUPLICATE_METHOD_MATCH = YES;
				COPY_PHASE_STRIP = NO;
				DEBUG_INFORMATION_FORMAT = dwarf;
				ENABLE_STRICT_OBJC_MSGSEND = YES;
				ENABLE_TESTABILITY = YES;
				GCC_C_LANGUAGE_STANDARD = gnu11;
				GCC_DYNAMIC_NO_PIC = NO;
				GCC_NO_COMMON_BLOCKS = YES;
				GCC_OPTIMIZATION_LEVEL = 0;
				GCC_PREPROCESSOR_DEFINITIONS = (
					"DEBUG=1",
					"$(inherited)",
				);
				GCC_WARN_64_TO_32_BIT_CONVERSION = YES;
				GCC_WARN_ABOUT_RETURN_TYPE = YES_ERROR;
				GCC_WARN_UNDECLARED_SELECTOR = YES;
				GCC_WARN_UNINITIALIZED_AUTOS = YES_AGGRESSIVE;
				GCC_WARN_UNUSED_FUNCTION = YES;
				GCC_WARN_UNUSED_VARIABLE = YES;
				IPHONEOS_DEPLOYMENT_TARGET = 13.2;
				MTL_ENABLE_DEBUG_INFO = INCLUDE_SOURCE;
				MTL_FAST_MATH = YES;
				ONLY_ACTIVE_ARCH = YES;
				SDKROOT = iphoneos;
				SWIFT_ACTIVE_COMPILATION_CONDITIONS = DEBUG;
				SWIFT_OPTIMIZATION_LEVEL = "-Onone";
			};
			name = Debug;
		};
		AE35D8C52402D9E800E1BA4B /* Release */ = {
			isa = XCBuildConfiguration;
			buildSettings = {
				ALWAYS_SEARCH_USER_PATHS = NO;
				CLANG_ANALYZER_NONNULL = YES;
				CLANG_ANALYZER_NUMBER_OBJECT_CONVERSION = YES_AGGRESSIVE;
				CLANG_CXX_LANGUAGE_STANDARD = "gnu++14";
				CLANG_CXX_LIBRARY = "libc++";
				CLANG_ENABLE_MODULES = YES;
				CLANG_ENABLE_OBJC_ARC = YES;
				CLANG_ENABLE_OBJC_WEAK = YES;
				CLANG_WARN_BLOCK_CAPTURE_AUTORELEASING = YES;
				CLANG_WARN_BOOL_CONVERSION = YES;
				CLANG_WARN_COMMA = YES;
				CLANG_WARN_CONSTANT_CONVERSION = YES;
				CLANG_WARN_DEPRECATED_OBJC_IMPLEMENTATIONS = YES;
				CLANG_WARN_DIRECT_OBJC_ISA_USAGE = YES_ERROR;
				CLANG_WARN_DOCUMENTATION_COMMENTS = YES;
				CLANG_WARN_EMPTY_BODY = YES;
				CLANG_WARN_ENUM_CONVERSION = YES;
				CLANG_WARN_INFINITE_RECURSION = YES;
				CLANG_WARN_INT_CONVERSION = YES;
				CLANG_WARN_NON_LITERAL_NULL_CONVERSION = YES;
				CLANG_WARN_OBJC_IMPLICIT_RETAIN_SELF = YES;
				CLANG_WARN_OBJC_LITERAL_CONVERSION = YES;
				CLANG_WARN_OBJC_ROOT_CLASS = YES_ERROR;
				CLANG_WARN_RANGE_LOOP_ANALYSIS = YES;
				CLANG_WARN_STRICT_PROTOTYPES = YES;
				CLANG_WARN_SUSPICIOUS_MOVE = YES;
				CLANG_WARN_UNGUARDED_AVAILABILITY = YES_AGGRESSIVE;
				CLANG_WARN_UNREACHABLE_CODE = YES;
				CLANG_WARN__DUPLICATE_METHOD_MATCH = YES;
				COPY_PHASE_STRIP = NO;
				DEBUG_INFORMATION_FORMAT = "dwarf-with-dsym";
				ENABLE_NS_ASSERTIONS = NO;
				ENABLE_STRICT_OBJC_MSGSEND = YES;
				GCC_C_LANGUAGE_STANDARD = gnu11;
				GCC_NO_COMMON_BLOCKS = YES;
				GCC_WARN_64_TO_32_BIT_CONVERSION = YES;
				GCC_WARN_ABOUT_RETURN_TYPE = YES_ERROR;
				GCC_WARN_UNDECLARED_SELECTOR = YES;
				GCC_WARN_UNINITIALIZED_AUTOS = YES_AGGRESSIVE;
				GCC_WARN_UNUSED_FUNCTION = YES;
				GCC_WARN_UNUSED_VARIABLE = YES;
				IPHONEOS_DEPLOYMENT_TARGET = 13.2;
				MTL_ENABLE_DEBUG_INFO = NO;
				MTL_FAST_MATH = YES;
				SDKROOT = iphoneos;
				SWIFT_COMPILATION_MODE = wholemodule;
				SWIFT_OPTIMIZATION_LEVEL = "-O";
				VALIDATE_PRODUCT = YES;
			};
			name = Release;
		};
		AE35D8C72402D9E800E1BA4B /* Debug */ = {
			isa = XCBuildConfiguration;
			buildSettings = {
				ASSETCATALOG_COMPILER_APPICON_NAME = AppIcon;
				CODE_SIGN_STYLE = Automatic;
				INFOPLIST_FILE = Blackjack21/SupportingFiles/Info.plist;
				LD_RUNPATH_SEARCH_PATHS = (
					"$(inherited)",
					"@executable_path/Frameworks",
				);
				PRODUCT_BUNDLE_IDENTIFIER = com.nicolascombe.Blackjack21;
				PRODUCT_NAME = "$(TARGET_NAME)";
				SWIFT_VERSION = 5.0;
				TARGETED_DEVICE_FAMILY = 1;
			};
			name = Debug;
		};
		AE35D8C82402D9E800E1BA4B /* Release */ = {
			isa = XCBuildConfiguration;
			buildSettings = {
				ASSETCATALOG_COMPILER_APPICON_NAME = AppIcon;
				CODE_SIGN_STYLE = Automatic;
				INFOPLIST_FILE = Blackjack21/SupportingFiles/Info.plist;
				LD_RUNPATH_SEARCH_PATHS = (
					"$(inherited)",
					"@executable_path/Frameworks",
				);
				PRODUCT_BUNDLE_IDENTIFIER = com.nicolascombe.Blackjack21;
				PRODUCT_NAME = "$(TARGET_NAME)";
				SWIFT_VERSION = 5.0;
				TARGETED_DEVICE_FAMILY = 1;
			};
			name = Release;
		};
/* End XCBuildConfiguration section */

/* Begin XCConfigurationList section */
		AE35D8AD2402D9E700E1BA4B /* Build configuration list for PBXProject "Blackjack21" */ = {
			isa = XCConfigurationList;
			buildConfigurations = (
				AE35D8C42402D9E800E1BA4B /* Debug */,
				AE35D8C52402D9E800E1BA4B /* Release */,
			);
			defaultConfigurationIsVisible = 0;
			defaultConfigurationName = Release;
		};
		AE35D8C62402D9E800E1BA4B /* Build configuration list for PBXNativeTarget "Blackjack21" */ = {
			isa = XCConfigurationList;
			buildConfigurations = (
				AE35D8C72402D9E800E1BA4B /* Debug */,
				AE35D8C82402D9E800E1BA4B /* Release */,
			);
			defaultConfigurationIsVisible = 0;
			defaultConfigurationName = Release;
		};
/* End XCConfigurationList section */
	};
	rootObject = AE35D8AA2402D9E700E1BA4B /* Project object */;
}
